
Microsoft Visual Studio Solution File, Format Version 12.00
# Visual Studio 15
VisualStudioVersion = 15.0.28307.106
MinimumVisualStudioVersion = 10.0.40219.1
Project("{FAE04EC0-301F-11D3-BF4B-00C04F79EFBC}") = "lab7", "lab7\lab7.csproj", "{A150E03B-F059-43D2-8C91-DB5B47D31F01}"
EndProject
Global
	GlobalSection(SolutionConfigurationPlatforms) = preSolution
		Debug|Any CPU = Debug|Any CPU
		Release|Any CPU = Release|Any CPU
	EndGlobalSection
	GlobalSection(ProjectConfigurationPlatforms) = postSolution
		{A150E03B-F059-43D2-8C91-DB5B47D31F01}.Debug|Any CPU.ActiveCfg = Debug|Any CPU
		{A150E03B-F059-43D2-8C91-DB5B47D31F01}.Debug|Any CPU.Build.0 = Debug|Any CPU
		{A150E03B-F059-43D2-8C91-DB5B47D31F01}.Release|Any CPU.ActiveCfg = Release|Any CPU
		{A150E03B-F059-43D2-8C91-DB5B47D31F01}.Release|Any CPU.Build.0 = Release|Any CPU
	EndGlobalSection
	GlobalSection(SolutionProperties) = preSolution
		HideSolutionNode = FALSE
	EndGlobalSection
	GlobalSection(ExtensibilityGlobals) = postSolution
		SolutionGuid = {7E8473CD-6875-4F5B-8A4F-E83A95CD4C7B}
	EndGlobalSection
EndGlobal
